
Microsoft Visual Studio Solution File, Format Version 12.00
# Visual Studio Version 17
VisualStudioVersion = 17.1.32328.378
MinimumVisualStudioVersion = 10.0.40219.1
Project("{FAE04EC0-301F-11D3-BF4B-00C04F79EFBC}") = "WebApp", "WebApp\WebApp.csproj", "{0E7BEE49-208D-42F8-A412-037E9A101057}"
EndProject
Project("{FAE04EC0-301F-11D3-BF4B-00C04F79EFBC}") = "Contact.API", "Medical.API\Contact.API.csproj", "{CCE9EC5B-F509-4881-A53E-B78EF274A598}"
EndProject
Project("{FAE04EC0-301F-11D3-BF4B-00C04F79EFBC}") = "Contact.API.Messaging", "..\Contact.API.Messaging\Contact.API.Messaging.csproj", "{56F2DB32-49F0-4905-8D44-B1166123320E}"
EndProject
Global
	GlobalSection(SolutionConfigurationPlatforms) = preSolution
		Debug|Any CPU = Debug|Any CPU
		Release|Any CPU = Release|Any CPU
	EndGlobalSection
	GlobalSection(ProjectConfigurationPlatforms) = postSolution
		{0E7BEE49-208D-42F8-A412-037E9A101057}.Debug|Any CPU.ActiveCfg = Debug|Any CPU
		{0E7BEE49-208D-42F8-A412-037E9A101057}.Debug|Any CPU.Build.0 = Debug|Any CPU
		{0E7BEE49-208D-42F8-A412-037E9A101057}.Release|Any CPU.ActiveCfg = Release|Any CPU
		{0E7BEE49-208D-42F8-A412-037E9A101057}.Release|Any CPU.Build.0 = Release|Any CPU
		{CCE9EC5B-F509-4881-A53E-B78EF274A598}.Debug|Any CPU.ActiveCfg = Debug|Any CPU
		{CCE9EC5B-F509-4881-A53E-B78EF274A598}.Debug|Any CPU.Build.0 = Debug|Any CPU
		{CCE9EC5B-F509-4881-A53E-B78EF274A598}.Release|Any CPU.ActiveCfg = Release|Any CPU
		{CCE9EC5B-F509-4881-A53E-B78EF274A598}.Release|Any CPU.Build.0 = Release|Any CPU
		{56F2DB32-49F0-4905-8D44-B1166123320E}.Debug|Any CPU.ActiveCfg = Debug|Any CPU
		{56F2DB32-49F0-4905-8D44-B1166123320E}.Debug|Any CPU.Build.0 = Debug|Any CPU
		{56F2DB32-49F0-4905-8D44-B1166123320E}.Release|Any CPU.ActiveCfg = Release|Any CPU
		{56F2DB32-49F0-4905-8D44-B1166123320E}.Release|Any CPU.Build.0 = Release|Any CPU
	EndGlobalSection
	GlobalSection(SolutionProperties) = preSolution
		HideSolutionNode = FALSE
	EndGlobalSection
	GlobalSection(ExtensibilityGlobals) = postSolution
		SolutionGuid = {AF327075-8602-4A48-96AC-C3E9D521ED45}
	EndGlobalSection
EndGlobal
